
Microsoft Visual Studio Solution File, Format Version 12.00
# Visual Studio 15
VisualStudioVersion = 15.0.26403.3
MinimumVisualStudioVersion = 10.0.40219.1
Project("{F2A71F9B-5D33-465A-A702-920D77279786}") = "fsharp_examples", "fsharp_examples\fsharp_examples.fsproj", "{6260F8F3-B9C5-47A0-AE2E-21A61DF2C6A3}"
EndProject
Project("{F2A71F9B-5D33-465A-A702-920D77279786}") = "FSharpConsoleApplication", "FSharpConsoleApplication\FSharpConsoleApplication.fsproj", "{329E7845-3257-441C-B821-A292457C420F}"
EndProject
Project("{2150E333-8FDC-42A3-9474-1A3956D46DE8}") = "Composer", "Composer", "{965EC1A0-EFBF-42A3-BDE3-458170ED8781}"
EndProject
Project("{F2A71F9B-5D33-465A-A702-920D77279786}") = "Composer", "Composer\Composer.fsproj", "{56123F16-3004-4096-B76C-5F58ADF977DF}"
EndProject
Project("{F2A71F9B-5D33-465A-A702-920D77279786}") = "Tests", "Tests\Tests.fsproj", "{40B0FEC9-00EC-44A8-AF28-A6FE14D0F965}"
EndProject
Global
	GlobalSection(SolutionConfigurationPlatforms) = preSolution
		Debug|Any CPU = Debug|Any CPU
		Release|Any CPU = Release|Any CPU
	EndGlobalSection
	GlobalSection(ProjectConfigurationPlatforms) = postSolution
		{6260F8F3-B9C5-47A0-AE2E-21A61DF2C6A3}.Debug|Any CPU.ActiveCfg = Debug|Any CPU
		{6260F8F3-B9C5-47A0-AE2E-21A61DF2C6A3}.Debug|Any CPU.Build.0 = Debug|Any CPU
		{6260F8F3-B9C5-47A0-AE2E-21A61DF2C6A3}.Release|Any CPU.ActiveCfg = Release|Any CPU
		{6260F8F3-B9C5-47A0-AE2E-21A61DF2C6A3}.Release|Any CPU.Build.0 = Release|Any CPU
		{329E7845-3257-441C-B821-A292457C420F}.Debug|Any CPU.ActiveCfg = Debug|Any CPU
		{329E7845-3257-441C-B821-A292457C420F}.Debug|Any CPU.Build.0 = Debug|Any CPU
		{329E7845-3257-441C-B821-A292457C420F}.Release|Any CPU.ActiveCfg = Release|Any CPU
		{329E7845-3257-441C-B821-A292457C420F}.Release|Any CPU.Build.0 = Release|Any CPU
		{56123F16-3004-4096-B76C-5F58ADF977DF}.Debug|Any CPU.ActiveCfg = Debug|Any CPU
		{56123F16-3004-4096-B76C-5F58ADF977DF}.Debug|Any CPU.Build.0 = Debug|Any CPU
		{56123F16-3004-4096-B76C-5F58ADF977DF}.Release|Any CPU.ActiveCfg = Release|Any CPU
		{56123F16-3004-4096-B76C-5F58ADF977DF}.Release|Any CPU.Build.0 = Release|Any CPU
		{40B0FEC9-00EC-44A8-AF28-A6FE14D0F965}.Debug|Any CPU.ActiveCfg = Debug|Any CPU
		{40B0FEC9-00EC-44A8-AF28-A6FE14D0F965}.Debug|Any CPU.Build.0 = Debug|Any CPU
		{40B0FEC9-00EC-44A8-AF28-A6FE14D0F965}.Release|Any CPU.ActiveCfg = Release|Any CPU
		{40B0FEC9-00EC-44A8-AF28-A6FE14D0F965}.Release|Any CPU.Build.0 = Release|Any CPU
	EndGlobalSection
	GlobalSection(SolutionProperties) = preSolution
		HideSolutionNode = FALSE
	EndGlobalSection
	GlobalSection(NestedProjects) = preSolution
		{56123F16-3004-4096-B76C-5F58ADF977DF} = {965EC1A0-EFBF-42A3-BDE3-458170ED8781}
		{40B0FEC9-00EC-44A8-AF28-A6FE14D0F965} = {965EC1A0-EFBF-42A3-BDE3-458170ED8781}
	EndGlobalSection
EndGlobal
